{
  "originHash" : "a2c3b71b9bf2389b0a57dc6fd4f145dfd391d9adb86a0e7f812c97d38a8a1033",
  "pins" : [
    {
      "identity" : "alamofire",
      "kind" : "remoteSourceControl",
      "location" : "https://github.com/Alamofire/Alamofire.git",
      "state" : {
        "branch" : "master",
        "revision" : "51a2d5077567b257ac1f227b6883c4ff1d7a491d"
      }
    },
    {
      "identity" : "cocoatextfield",
      "kind" : "remoteSourceControl",
      "location" : "https://github.com/edgar-zigis/CocoaTextField.git",
      "state" : {
        "revision" : "0087ad64c9f5dfc287ad6163306667ad92bf8837",
        "version" : "1.1.2"
      }
    },
    {
      "identity" : "fittedsheets",
      "kind" : "remoteSourceControl",
      "location" : "https://github.com/ChitlangeSahas/FittedSheets",
      "state" : {
        "branch" : "main",
        "revision" : "a8d8badf1847cf29f95fbfa3abebf064490774bd"
      }
    },
    {
      "identity" : "mapbox-common-ios",
      "kind" : "remoteSourceControl",
      "location" : "https://github.com/mapbox/mapbox-common-ios.git",
      "state" : {
        "revision" : "1188f73b3af757ba43e14fb96a53431fdb08b5f2",
        "version" : "24.14.0-SNAPSHOT-06-26--04-30.git-10d8134"
      }
    },
    {
      "identity" : "mapbox-core-maps-ios",
      "kind" : "remoteSourceControl",
      "location" : "https://github.com/mapbox/mapbox-core-maps-ios.git",
      "state" : {
        "revision" : "d86ffe6bb411258ba7e40affc5f938c9c0b17922",
        "version" : "11.14.0-SNAPSHOT-06-26--04-30.git-10d8134"
      }
    },
    {
      "identity" : "mapbox-maps-ios",
      "kind" : "remoteSourceControl",
      "location" : "https://github.com/mapbox/mapbox-maps-ios.git",
      "state" : {
        "branch" : "main",
        "revision" : "824ff0a89269d0366fbf1b5d82860c082d1d248a"
      }
    },
    {
      "identity" : "starscream",
      "kind" : "remoteSourceControl",
      "location" : "https://github.com/daltoniam/Starscream.git",
      "state" : {
        "branch" : "master",
        "revision" : "c68359159dcf0b5de9b536b9a959e9e435e968d3"
      }
    },
    {
      "identity" : "turf-swift",
      "kind" : "remoteSourceControl",
      "location" : "https://github.com/mapbox/turf-swift.git",
      "state" : {
        "revision" : "bf840e6b9529d105687840fe2c9dcd74197d46d1",
        "version" : "4.0.0"
      }
    }
  ],
  "version" : 3
}
