// !$*UTF8*$!
{
	archiveVersion = 1;
	classes = {
	};
	objectVersion = 56;
	objects = {

/* Begin PBXBuildFile section */
		362DC0062A59291F0079ECDB /* PreciseFindableDevice.swift in Sources */ = {isa = PBXBuildFile; fileRef = 362DC0052A59291F0079ECDB /* PreciseFindableDevice.swift */; };
		362DC0092A5933440079ECDB /* DataCommunicationExtension.swift in Sources */ = {isa = PBXBuildFile; fileRef = 362DC0082A5933440079ECDB /* DataCommunicationExtension.swift */; };
		362DC00B2A5934950079ECDB /* HelpersExtension.swift in Sources */ = {isa = PBXBuildFile; fileRef = 362DC00A2A5934950079ECDB /* HelpersExtension.swift */; };
		362DC00D2A5934F10079ECDB /* NI_AR_SessionDelegates.swift in Sources */ = {isa = PBXBuildFile; fileRef = 362DC00C2A5934F10079ECDB /* NI_AR_SessionDelegates.swift */; };
		36392F0C2A5BB8E100DE866C /* ScanDevicesViewController.swift in Sources */ = {isa = PBXBuildFile; fileRef = 36392F0B2A5BB8E100DE866C /* ScanDevicesViewController.swift */; };
		36392F0E2A5C7EE100DE866C /* DateTimeUtil.swift in Sources */ = {isa = PBXBuildFile; fileRef = 36392F0D2A5C7EE100DE866C /* DateTimeUtil.swift */; };
		36392F102A5DBD2F00DE866C /* ScanningAnimationView.swift in Sources */ = {isa = PBXBuildFile; fileRef = 36392F0F2A5DBD2F00DE866C /* ScanningAnimationView.swift */; };
		36392F122A5F0BF000DE866C /* CircularViewLayout.swift in Sources */ = {isa = PBXBuildFile; fileRef = 36392F112A5F0BF000DE866C /* CircularViewLayout.swift */; };
		36392F1A2A5FA0E600DE866C /* AddEditDeviceViewController.swift in Sources */ = {isa = PBXBuildFile; fileRef = 36392F192A5FA0E600DE866C /* AddEditDeviceViewController.swift */; };
		36392F1C2A5FA1D500DE866C /* AvatarEmojiView.swift in Sources */ = {isa = PBXBuildFile; fileRef = 36392F1B2A5FA1D500DE866C /* AvatarEmojiView.swift */; };
		36392F1E2A5FA87100DE866C /* ScanDevicesNavigationController.swift in Sources */ = {isa = PBXBuildFile; fileRef = 36392F1D2A5FA87100DE866C /* ScanDevicesNavigationController.swift */; };
		36392F202A5FADB400DE866C /* DismissableSheet.swift in Sources */ = {isa = PBXBuildFile; fileRef = 36392F1F2A5FADB400DE866C /* DismissableSheet.swift */; };
		36392F2A2A60CEC300DE866C /* CocoaTextField in Frameworks */ = {isa = PBXBuildFile; productRef = 36392F292A60CEC300DE866C /* CocoaTextField */; };
		36392F2C2A626A3A00DE866C /* ScannedDeviceView.swift in Sources */ = {isa = PBXBuildFile; fileRef = 36392F2B2A626A3A00DE866C /* ScannedDeviceView.swift */; };
		363EC8052A57E42E0059E1CA /* UWBMessages.swift in Sources */ = {isa = PBXBuildFile; fileRef = 363EC8042A57E42E0059E1CA /* UWBMessages.swift */; };
		363EC8082A57E4CA0059E1CA /* UWBUtil.swift in Sources */ = {isa = PBXBuildFile; fileRef = 363EC8072A57E4CA0059E1CA /* UWBUtil.swift */; };
		363EC80A2A57E6990059E1CA /* DistanceUtil.swift in Sources */ = {isa = PBXBuildFile; fileRef = 363EC8092A57E6990059E1CA /* DistanceUtil.swift */; };
		36562C012A54DB1800D95C4C /* BluetoothLECentral.swift in Sources */ = {isa = PBXBuildFile; fileRef = 36562C002A54DB1800D95C4C /* BluetoothLECentral.swift */; };
		36562C082A54DCAE00D95C4C /* NearbyInteraction.framework in Frameworks */ = {isa = PBXBuildFile; fileRef = 36562C072A54DCAD00D95C4C /* NearbyInteraction.framework */; };
		36562C0A2A54DCB400D95C4C /* CoreBluetooth.framework in Frameworks */ = {isa = PBXBuildFile; fileRef = 36562C092A54DCB400D95C4C /* CoreBluetooth.framework */; };
		36562C0C2A56778A00D95C4C /* PreciseFinderViewController.swift in Sources */ = {isa = PBXBuildFile; fileRef = 36562C0B2A56778A00D95C4C /* PreciseFinderViewController.swift */; };
		365E53502A47648700AD6AE8 /* AppDelegate.swift in Sources */ = {isa = PBXBuildFile; fileRef = 365E534F2A47648700AD6AE8 /* AppDelegate.swift */; };
		365E53522A47648700AD6AE8 /* SceneDelegate.swift in Sources */ = {isa = PBXBuildFile; fileRef = 365E53512A47648700AD6AE8 /* SceneDelegate.swift */; };
		365E53542A47648700AD6AE8 /* ViewController.swift in Sources */ = {isa = PBXBuildFile; fileRef = 365E53532A47648700AD6AE8 /* ViewController.swift */; };
		365E53572A47648700AD6AE8 /* Main.storyboard in Resources */ = {isa = PBXBuildFile; fileRef = 365E53552A47648700AD6AE8 /* Main.storyboard */; };
		365E53592A47648900AD6AE8 /* Assets.xcassets in Resources */ = {isa = PBXBuildFile; fileRef = 365E53582A47648900AD6AE8 /* Assets.xcassets */; };
		365E535C2A47648900AD6AE8 /* LaunchScreen.storyboard in Resources */ = {isa = PBXBuildFile; fileRef = 365E535A2A47648900AD6AE8 /* LaunchScreen.storyboard */; };
		365E53662A476A0C00AD6AE8 /* MapboxMaps in Frameworks */ = {isa = PBXBuildFile; productRef = 365E53652A476A0C00AD6AE8 /* MapboxMaps */; };
		365E53692A476AE800AD6AE8 /* MapboxView.swift in Sources */ = {isa = PBXBuildFile; fileRef = 365E53682A476AE800AD6AE8 /* MapboxView.swift */; };
		365E536E2A476D3C00AD6AE8 /* DeviceBottomDrawerViewController.swift in Sources */ = {isa = PBXBuildFile; fileRef = 365E536D2A476D3C00AD6AE8 /* DeviceBottomDrawerViewController.swift */; };
		365E53742A478F6F00AD6AE8 /* Devices.swift in Sources */ = {isa = PBXBuildFile; fileRef = 365E53732A478F6F00AD6AE8 /* Devices.swift */; };
		365E537B2A48AFC700AD6AE8 /* Alamofire in Frameworks */ = {isa = PBXBuildFile; productRef = 365E537A2A48AFC700AD6AE8 /* Alamofire */; };
		365E537E2A48AFDF00AD6AE8 /* CookieHandlerUtil.swift in Sources */ = {isa = PBXBuildFile; fileRef = 365E537D2A48AFDF00AD6AE8 /* CookieHandlerUtil.swift */; };
		365E53822A48B54A00AD6AE8 /* LoginViewController.swift in Sources */ = {isa = PBXBuildFile; fileRef = 365E53812A48B54A00AD6AE8 /* LoginViewController.swift */; };
		365E53842A48B73300AD6AE8 /* HomeScreenViewController.swift in Sources */ = {isa = PBXBuildFile; fileRef = 365E53832A48B73300AD6AE8 /* HomeScreenViewController.swift */; };
		365E53862A48EC9900AD6AE8 /* SharedData.swift in Sources */ = {isa = PBXBuildFile; fileRef = 365E53852A48EC9900AD6AE8 /* SharedData.swift */; };
		365E53892A48EF0200AD6AE8 /* Starscream in Frameworks */ = {isa = PBXBuildFile; productRef = 365E53882A48EF0200AD6AE8 /* Starscream */; };
		365E538B2A48EF5600AD6AE8 /* WebSocketManager.swift in Sources */ = {isa = PBXBuildFile; fileRef = 365E538A2A48EF5600AD6AE8 /* WebSocketManager.swift */; };
		365E538D2A48FD3200AD6AE8 /* Positions.swift in Sources */ = {isa = PBXBuildFile; fileRef = 365E538C2A48FD3200AD6AE8 /* Positions.swift */; };
		365E538F2A49005800AD6AE8 /* WebsocketPayloadWrapper.swift in Sources */ = {isa = PBXBuildFile; fileRef = 365E538E2A49005800AD6AE8 /* WebsocketPayloadWrapper.swift */; };
		367763892A4E173F0096FF1F /* Constants.swift in Sources */ = {isa = PBXBuildFile; fileRef = 367763882A4E173F0096FF1F /* Constants.swift */; };
		3677638B2A4E1EDA0096FF1F /* MapMarkerView.swift in Sources */ = {isa = PBXBuildFile; fileRef = 3677638A2A4E1EDA0096FF1F /* MapMarkerView.swift */; };
		3681E8862A54C1EE003392F9 /* FittedSheets in Frameworks */ = {isa = PBXBuildFile; productRef = 3681E8852A54C1EE003392F9 /* FittedSheets */; };
		36BF8EB42A7C111F00141F5B /* HologramAPIManager.swift in Sources */ = {isa = PBXBuildFile; fileRef = 36BF8EB32A7C111F00141F5B /* HologramAPIManager.swift */; };
		36BF8EB62A7C11D900141F5B /* HologramDevice.swift in Sources */ = {isa = PBXBuildFile; fileRef = 36BF8EB52A7C11D900141F5B /* HologramDevice.swift */; };
		36CC30882A4E95A400E8FCCA /* DeviceTableViewCell.swift in Sources */ = {isa = PBXBuildFile; fileRef = 36CC30872A4E95A400E8FCCA /* DeviceTableViewCell.swift */; };
		36FE12262E1072BE00133429 /* Readme.md in Resources */ = {isa = PBXBuildFile; fileRef = 36FE12252E1072B900133429 /* Readme.md */; };
		36FF09312A995EB3002D947C /* TraccarAPIManager.swift in Sources */ = {isa = PBXBuildFile; fileRef = 36FF09302A995EB3002D947C /* TraccarAPIManager.swift */; };
/* End PBXBuildFile section */

/* Begin PBXFileReference section */
		362DC0052A59291F0079ECDB /* PreciseFindableDevice.swift */ = {isa = PBXFileReference; lastKnownFileType = sourcecode.swift; path = PreciseFindableDevice.swift; sourceTree = "<group>"; };
		362DC0082A5933440079ECDB /* DataCommunicationExtension.swift */ = {isa = PBXFileReference; lastKnownFileType = sourcecode.swift; path = DataCommunicationExtension.swift; sourceTree = "<group>"; };
		362DC00A2A5934950079ECDB /* HelpersExtension.swift */ = {isa = PBXFileReference; lastKnownFileType = sourcecode.swift; path = HelpersExtension.swift; sourceTree = "<group>"; };
		362DC00C2A5934F10079ECDB /* NI_AR_SessionDelegates.swift */ = {isa = PBXFileReference; lastKnownFileType = sourcecode.swift; path = NI_AR_SessionDelegates.swift; sourceTree = "<group>"; };
		36392F0B2A5BB8E100DE866C /* ScanDevicesViewController.swift */ = {isa = PBXFileReference; lastKnownFileType = sourcecode.swift; path = ScanDevicesViewController.swift; sourceTree = "<group>"; };
		36392F0D2A5C7EE100DE866C /* DateTimeUtil.swift */ = {isa = PBXFileReference; lastKnownFileType = sourcecode.swift; path = DateTimeUtil.swift; sourceTree = "<group>"; };
		36392F0F2A5DBD2F00DE866C /* ScanningAnimationView.swift */ = {isa = PBXFileReference; lastKnownFileType = sourcecode.swift; path = ScanningAnimationView.swift; sourceTree = "<group>"; };
		36392F112A5F0BF000DE866C /* CircularViewLayout.swift */ = {isa = PBXFileReference; lastKnownFileType = sourcecode.swift; path = CircularViewLayout.swift; sourceTree = "<group>"; };
		36392F192A5FA0E600DE866C /* AddEditDeviceViewController.swift */ = {isa = PBXFileReference; lastKnownFileType = sourcecode.swift; path = AddEditDeviceViewController.swift; sourceTree = "<group>"; };
		36392F1B2A5FA1D500DE866C /* AvatarEmojiView.swift */ = {isa = PBXFileReference; lastKnownFileType = sourcecode.swift; path = AvatarEmojiView.swift; sourceTree = "<group>"; };
		36392F1D2A5FA87100DE866C /* ScanDevicesNavigationController.swift */ = {isa = PBXFileReference; lastKnownFileType = sourcecode.swift; path = ScanDevicesNavigationController.swift; sourceTree = "<group>"; };
		36392F1F2A5FADB400DE866C /* DismissableSheet.swift */ = {isa = PBXFileReference; lastKnownFileType = sourcecode.swift; path = DismissableSheet.swift; sourceTree = "<group>"; };
		36392F2B2A626A3A00DE866C /* ScannedDeviceView.swift */ = {isa = PBXFileReference; lastKnownFileType = sourcecode.swift; path = ScannedDeviceView.swift; sourceTree = "<group>"; };
		363EC8042A57E42E0059E1CA /* UWBMessages.swift */ = {isa = PBXFileReference; lastKnownFileType = sourcecode.swift; path = UWBMessages.swift; sourceTree = "<group>"; };
		363EC8072A57E4CA0059E1CA /* UWBUtil.swift */ = {isa = PBXFileReference; lastKnownFileType = sourcecode.swift; path = UWBUtil.swift; sourceTree = "<group>"; };
		363EC8092A57E6990059E1CA /* DistanceUtil.swift */ = {isa = PBXFileReference; lastKnownFileType = sourcecode.swift; path = DistanceUtil.swift; sourceTree = "<group>"; };
		36562C002A54DB1800D95C4C /* BluetoothLECentral.swift */ = {isa = PBXFileReference; lastKnownFileType = sourcecode.swift; path = BluetoothLECentral.swift; sourceTree = "<group>"; };
		36562C072A54DCAD00D95C4C /* NearbyInteraction.framework */ = {isa = PBXFileReference; lastKnownFileType = wrapper.framework; name = NearbyInteraction.framework; path = System/Library/Frameworks/NearbyInteraction.framework; sourceTree = SDKROOT; };
		36562C092A54DCB400D95C4C /* CoreBluetooth.framework */ = {isa = PBXFileReference; lastKnownFileType = wrapper.framework; name = CoreBluetooth.framework; path = System/Library/Frameworks/CoreBluetooth.framework; sourceTree = SDKROOT; };
		36562C0B2A56778A00D95C4C /* PreciseFinderViewController.swift */ = {isa = PBXFileReference; lastKnownFileType = sourcecode.swift; path = PreciseFinderViewController.swift; sourceTree = "<group>"; };
		365E534C2A47648700AD6AE8 /* FindMyCat.app */ = {isa = PBXFileReference; explicitFileType = wrapper.application; includeInIndex = 0; path = FindMyCat.app; sourceTree = BUILT_PRODUCTS_DIR; };
		365E534F2A47648700AD6AE8 /* AppDelegate.swift */ = {isa = PBXFileReference; lastKnownFileType = sourcecode.swift; path = AppDelegate.swift; sourceTree = "<group>"; };
		365E53512A47648700AD6AE8 /* SceneDelegate.swift */ = {isa = PBXFileReference; lastKnownFileType = sourcecode.swift; path = SceneDelegate.swift; sourceTree = "<group>"; };
		365E53532A47648700AD6AE8 /* ViewController.swift */ = {isa = PBXFileReference; lastKnownFileType = sourcecode.swift; path = ViewController.swift; sourceTree = "<group>"; };
		365E53562A47648700AD6AE8 /* Base */ = {isa = PBXFileReference; lastKnownFileType = file.storyboard; name = Base; path = Base.lproj/Main.storyboard; sourceTree = "<group>"; };
		365E53582A47648900AD6AE8 /* Assets.xcassets */ = {isa = PBXFileReference; lastKnownFileType = folder.assetcatalog; path = Assets.xcassets; sourceTree = "<group>"; };
		365E535B2A47648900AD6AE8 /* Base */ = {isa = PBXFileReference; lastKnownFileType = file.storyboard; name = Base; path = Base.lproj/LaunchScreen.storyboard; sourceTree = "<group>"; };
		365E53682A476AE800AD6AE8 /* MapboxView.swift */ = {isa = PBXFileReference; lastKnownFileType = sourcecode.swift; path = MapboxView.swift; sourceTree = "<group>"; };
		365E536D2A476D3C00AD6AE8 /* DeviceBottomDrawerViewController.swift */ = {isa = PBXFileReference; lastKnownFileType = sourcecode.swift; path = DeviceBottomDrawerViewController.swift; sourceTree = "<group>"; };
		365E53732A478F6F00AD6AE8 /* Devices.swift */ = {isa = PBXFileReference; lastKnownFileType = sourcecode.swift; path = Devices.swift; sourceTree = "<group>"; };
		365E537D2A48AFDF00AD6AE8 /* CookieHandlerUtil.swift */ = {isa = PBXFileReference; lastKnownFileType = sourcecode.swift; path = CookieHandlerUtil.swift; sourceTree = "<group>"; };
		365E53812A48B54A00AD6AE8 /* LoginViewController.swift */ = {isa = PBXFileReference; lastKnownFileType = sourcecode.swift; path = LoginViewController.swift; sourceTree = "<group>"; };
		365E53832A48B73300AD6AE8 /* HomeScreenViewController.swift */ = {isa = PBXFileReference; lastKnownFileType = sourcecode.swift; path = HomeScreenViewController.swift; sourceTree = "<group>"; };
		365E53852A48EC9900AD6AE8 /* SharedData.swift */ = {isa = PBXFileReference; lastKnownFileType = sourcecode.swift; path = SharedData.swift; sourceTree = "<group>"; };
		365E538A2A48EF5600AD6AE8 /* WebSocketManager.swift */ = {isa = PBXFileReference; lastKnownFileType = sourcecode.swift; path = WebSocketManager.swift; sourceTree = "<group>"; };
		365E538C2A48FD3200AD6AE8 /* Positions.swift */ = {isa = PBXFileReference; lastKnownFileType = sourcecode.swift; path = Positions.swift; sourceTree = "<group>"; };
		365E538E2A49005800AD6AE8 /* WebsocketPayloadWrapper.swift */ = {isa = PBXFileReference; lastKnownFileType = sourcecode.swift; path = WebsocketPayloadWrapper.swift; sourceTree = "<group>"; };
		367763882A4E173F0096FF1F /* Constants.swift */ = {isa = PBXFileReference; lastKnownFileType = sourcecode.swift; path = Constants.swift; sourceTree = "<group>"; };
		3677638A2A4E1EDA0096FF1F /* MapMarkerView.swift */ = {isa = PBXFileReference; lastKnownFileType = sourcecode.swift; path = MapMarkerView.swift; sourceTree = "<group>"; };
		36BF8EB32A7C111F00141F5B /* HologramAPIManager.swift */ = {isa = PBXFileReference; lastKnownFileType = sourcecode.swift; path = HologramAPIManager.swift; sourceTree = "<group>"; };
		36BF8EB52A7C11D900141F5B /* HologramDevice.swift */ = {isa = PBXFileReference; lastKnownFileType = sourcecode.swift; path = HologramDevice.swift; sourceTree = "<group>"; };
		36CC30872A4E95A400E8FCCA /* DeviceTableViewCell.swift */ = {isa = PBXFileReference; lastKnownFileType = sourcecode.swift; path = DeviceTableViewCell.swift; sourceTree = "<group>"; };
		36FE12252E1072B900133429 /* Readme.md */ = {isa = PBXFileReference; lastKnownFileType = net.daringfireball.markdown; path = Readme.md; sourceTree = "<group>"; };
		36FF092C2A9955FB002D947C /* Info.plist */ = {isa = PBXFileReference; lastKnownFileType = text.plist.xml; path = Info.plist; sourceTree = "<group>"; };
		36FF09302A995EB3002D947C /* TraccarAPIManager.swift */ = {isa = PBXFileReference; lastKnownFileType = sourcecode.swift; path = TraccarAPIManager.swift; sourceTree = "<group>"; };
/* End PBXFileReference section */

/* Begin PBXFrameworksBuildPhase section */
		365E53492A47648700AD6AE8 /* Frameworks */ = {
			isa = PBXFrameworksBuildPhase;
			buildActionMask = 2147483647;
			files = (
				3681E8862A54C1EE003392F9 /* FittedSheets in Frameworks */,
				36392F2A2A60CEC300DE866C /* CocoaTextField in Frameworks */,
				365E537B2A48AFC700AD6AE8 /* Alamofire in Frameworks */,
				36562C082A54DCAE00D95C4C /* NearbyInteraction.framework in Frameworks */,
				365E53662A476A0C00AD6AE8 /* MapboxMaps in Frameworks */,
				36562C0A2A54DCB400D95C4C /* CoreBluetooth.framework in Frameworks */,
				365E53892A48EF0200AD6AE8 /* Starscream in Frameworks */,
			);
			runOnlyForDeploymentPostprocessing = 0;
		};
/* End PBXFrameworksBuildPhase section */

/* Begin PBXGroup section */
		362DC0032A5928FD0079ECDB /* UWB */ = {
			isa = PBXGroup;
			children = (
				363EC8042A57E42E0059E1CA /* UWBMessages.swift */,
				362DC0052A59291F0079ECDB /* PreciseFindableDevice.swift */,
			);
			path = UWB;
			sourceTree = "<group>";
		};
		362DC0072A5933210079ECDB /* extensions */ = {
			isa = PBXGroup;
			children = (
				362DC0082A5933440079ECDB /* DataCommunicationExtension.swift */,
				362DC00A2A5934950079ECDB /* HelpersExtension.swift */,
				362DC00C2A5934F10079ECDB /* NI_AR_SessionDelegates.swift */,
			);
			path = extensions;
			sourceTree = "<group>";
		};
		362DC00E2A5935560079ECDB /* PreciseFinder */ = {
			isa = PBXGroup;
			children = (
				362DC0072A5933210079ECDB /* extensions */,
				36562C0B2A56778A00D95C4C /* PreciseFinderViewController.swift */,
			);
			path = PreciseFinder;
			sourceTree = "<group>";
		};
		36392F142A5F9DFC00DE866C /* ScanDevices */ = {
			isa = PBXGroup;
			children = (
				36392F0F2A5DBD2F00DE866C /* ScanningAnimationView.swift */,
				36392F112A5F0BF000DE866C /* CircularViewLayout.swift */,
				36392F2B2A626A3A00DE866C /* ScannedDeviceView.swift */,
			);
			path = ScanDevices;
			sourceTree = "<group>";
		};
		36392F152A5F9E4C00DE866C /* ScanDevices */ = {
			isa = PBXGroup;
			children = (
				36392F0B2A5BB8E100DE866C /* ScanDevicesViewController.swift */,
				36392F1D2A5FA87100DE866C /* ScanDevicesNavigationController.swift */,
			);
			path = ScanDevices;
			sourceTree = "<group>";
		};
		36392F162A5F9E6300DE866C /* Map */ = {
			isa = PBXGroup;
			children = (
				365E53682A476AE800AD6AE8 /* MapboxView.swift */,
				3677638A2A4E1EDA0096FF1F /* MapMarkerView.swift */,
			);
			path = Map;
			sourceTree = "<group>";
		};
		36392F182A5FA0C300DE866C /* AddEditDevice */ = {
			isa = PBXGroup;
			children = (
				36392F192A5FA0E600DE866C /* AddEditDeviceViewController.swift */,
			);
			path = AddEditDevice;
			sourceTree = "<group>";
		};
		363EC8062A57E4BA0059E1CA /* Utils */ = {
			isa = PBXGroup;
			children = (
				363EC8072A57E4CA0059E1CA /* UWBUtil.swift */,
				363EC8092A57E6990059E1CA /* DistanceUtil.swift */,
				36392F0D2A5C7EE100DE866C /* DateTimeUtil.swift */,
			);
			path = Utils;
			sourceTree = "<group>";
		};
		36562C022A54DB4000D95C4C /* Bluetooth */ = {
			isa = PBXGroup;
			children = (
				36562C002A54DB1800D95C4C /* BluetoothLECentral.swift */,
			);
			path = Bluetooth;
			sourceTree = "<group>";
		};
		365E53432A47648700AD6AE8 = {
			isa = PBXGroup;
			children = (
				365E534E2A47648700AD6AE8 /* FindMyCat */,
				365E534D2A47648700AD6AE8 /* Products */,
				3681E8812A54C110003392F9 /* Frameworks */,
			);
			sourceTree = "<group>";
		};
		365E534D2A47648700AD6AE8 /* Products */ = {
			isa = PBXGroup;
			children = (
				365E534C2A47648700AD6AE8 /* FindMyCat.app */,
			);
			name = Products;
			sourceTree = "<group>";
		};
		365E534E2A47648700AD6AE8 /* FindMyCat */ = {
			isa = PBXGroup;
			children = (
				36FE12252E1072B900133429 /* Readme.md */,
				363EC8062A57E4BA0059E1CA /* Utils */,
				36562C022A54DB4000D95C4C /* Bluetooth */,
				365E53752A48AF4600AD6AE8 /* Network */,
				365E536C2A476D2100AD6AE8 /* Controllers */,
				365E53672A476ACE00AD6AE8 /* Views */,
				365E53632A4769BC00AD6AE8 /* Models */,
				365E534F2A47648700AD6AE8 /* AppDelegate.swift */,
				36FF092C2A9955FB002D947C /* Info.plist */,
				365E53512A47648700AD6AE8 /* SceneDelegate.swift */,
				365E53532A47648700AD6AE8 /* ViewController.swift */,
				365E53552A47648700AD6AE8 /* Main.storyboard */,
				365E53582A47648900AD6AE8 /* Assets.xcassets */,
				365E535A2A47648900AD6AE8 /* LaunchScreen.storyboard */,
				367763882A4E173F0096FF1F /* Constants.swift */,
			);
			path = FindMyCat;
			sourceTree = "<group>";
		};
		365E53632A4769BC00AD6AE8 /* Models */ = {
			isa = PBXGroup;
			children = (
				362DC0032A5928FD0079ECDB /* UWB */,
				365E53732A478F6F00AD6AE8 /* Devices.swift */,
				365E53852A48EC9900AD6AE8 /* SharedData.swift */,
				365E538C2A48FD3200AD6AE8 /* Positions.swift */,
				365E538E2A49005800AD6AE8 /* WebsocketPayloadWrapper.swift */,
				36BF8EB52A7C11D900141F5B /* HologramDevice.swift */,
			);
			path = Models;
			sourceTree = "<group>";
		};
		365E53672A476ACE00AD6AE8 /* Views */ = {
			isa = PBXGroup;
			children = (
				36392F162A5F9E6300DE866C /* Map */,
				36392F142A5F9DFC00DE866C /* ScanDevices */,
				36CC30872A4E95A400E8FCCA /* DeviceTableViewCell.swift */,
				36392F1B2A5FA1D500DE866C /* AvatarEmojiView.swift */,
				36392F1F2A5FADB400DE866C /* DismissableSheet.swift */,
			);
			path = Views;
			sourceTree = "<group>";
		};
		365E536C2A476D2100AD6AE8 /* Controllers */ = {
			isa = PBXGroup;
			children = (
				36392F182A5FA0C300DE866C /* AddEditDevice */,
				36392F152A5F9E4C00DE866C /* ScanDevices */,
				362DC00E2A5935560079ECDB /* PreciseFinder */,
				365E536D2A476D3C00AD6AE8 /* DeviceBottomDrawerViewController.swift */,
				365E53812A48B54A00AD6AE8 /* LoginViewController.swift */,
				365E53832A48B73300AD6AE8 /* HomeScreenViewController.swift */,
			);
			path = Controllers;
			sourceTree = "<group>";
		};
		365E53752A48AF4600AD6AE8 /* Network */ = {
			isa = PBXGroup;
			children = (
				365E537C2A48AFD300AD6AE8 /* util */,
				365E538A2A48EF5600AD6AE8 /* WebSocketManager.swift */,
				36BF8EB32A7C111F00141F5B /* HologramAPIManager.swift */,
				36FF09302A995EB3002D947C /* TraccarAPIManager.swift */,
			);
			path = Network;
			sourceTree = "<group>";
		};
		365E537C2A48AFD300AD6AE8 /* util */ = {
			isa = PBXGroup;
			children = (
				365E537D2A48AFDF00AD6AE8 /* CookieHandlerUtil.swift */,
			);
			path = util;
			sourceTree = "<group>";
		};
		3681E8812A54C110003392F9 /* Frameworks */ = {
			isa = PBXGroup;
			children = (
				36562C092A54DCB400D95C4C /* CoreBluetooth.framework */,
				36562C072A54DCAD00D95C4C /* NearbyInteraction.framework */,
			);
			name = Frameworks;
			sourceTree = "<group>";
		};
/* End PBXGroup section */

/* Begin PBXNativeTarget section */
		365E534B2A47648700AD6AE8 /* FindMyCat */ = {
			isa = PBXNativeTarget;
			buildConfigurationList = 365E53602A47648900AD6AE8 /* Build configuration list for PBXNativeTarget "FindMyCat" */;
			buildPhases = (
				365E53482A47648700AD6AE8 /* Sources */,
				365E53492A47648700AD6AE8 /* Frameworks */,
				365E534A2A47648700AD6AE8 /* Resources */,
				3681E87C2A51CF95003392F9 /* ShellScript */,
			);
			buildRules = (
			);
			dependencies = (
			);
			name = FindMyCat;
			packageProductDependencies = (
				365E53652A476A0C00AD6AE8 /* MapboxMaps */,
				365E537A2A48AFC700AD6AE8 /* Alamofire */,
				365E53882A48EF0200AD6AE8 /* Starscream */,
				3681E8852A54C1EE003392F9 /* FittedSheets */,
				36392F292A60CEC300DE866C /* CocoaTextField */,
			);
			productName = FindMyCat;
			productReference = 365E534C2A47648700AD6AE8 /* FindMyCat.app */;
			productType = "com.apple.product-type.application";
		};
/* End PBXNativeTarget section */

/* Begin PBXProject section */
		365E53442A47648700AD6AE8 /* Project object */ = {
			isa = PBXProject;
			attributes = {
				BuildIndependentTargetsInParallel = 1;
				LastSwiftUpdateCheck = 1430;
				LastUpgradeCheck = 1430;
				TargetAttributes = {
					365E534B2A47648700AD6AE8 = {
						CreatedOnToolsVersion = 14.3.1;
					};
				};
			};
			buildConfigurationList = 365E53472A47648700AD6AE8 /* Build configuration list for PBXProject "FindMyCat" */;
			compatibilityVersion = "Xcode 14.0";
			developmentRegion = en;
			hasScannedForEncodings = 0;
			knownRegions = (
				en,
				Base,
			);
			mainGroup = 365E53432A47648700AD6AE8;
			packageReferences = (
				365E53642A476A0C00AD6AE8 /* XCRemoteSwiftPackageReference "mapbox-maps-ios" */,
				365E53792A48AFC700AD6AE8 /* XCRemoteSwiftPackageReference "Alamofire" */,
				365E53872A48EF0200AD6AE8 /* XCRemoteSwiftPackageReference "Starscream" */,
				3681E8842A54C1EE003392F9 /* XCRemoteSwiftPackageReference "FittedSheets" */,
				36392F282A60CEC300DE866C /* XCRemoteSwiftPackageReference "CocoaTextField" */,
			);
			productRefGroup = 365E534D2A47648700AD6AE8 /* Products */;
			projectDirPath = "";
			projectRoot = "";
			targets = (
				365E534B2A47648700AD6AE8 /* FindMyCat */,
			);
		};
/* End PBXProject section */

/* Begin PBXResourcesBuildPhase section */
		365E534A2A47648700AD6AE8 /* Resources */ = {
			isa = PBXResourcesBuildPhase;
			buildActionMask = 2147483647;
			files = (
				365E535C2A47648900AD6AE8 /* LaunchScreen.storyboard in Resources */,
				365E53592A47648900AD6AE8 /* Assets.xcassets in Resources */,
				36FE12262E1072BE00133429 /* Readme.md in Resources */,
				365E53572A47648700AD6AE8 /* Main.storyboard in Resources */,
			);
			runOnlyForDeploymentPostprocessing = 0;
		};
/* End PBXResourcesBuildPhase section */

/* Begin PBXShellScriptBuildPhase section */
		3681E87C2A51CF95003392F9 /* ShellScript */ = {
			isa = PBXShellScriptBuildPhase;
			buildActionMask = 2147483647;
			files = (
			);
			inputFileListPaths = (
			);
			inputPaths = (
			);
			outputFileListPaths = (
			);
			outputPaths = (
			);
			runOnlyForDeploymentPostprocessing = 0;
			shellPath = /bin/sh;
			shellScript = "if which swiftlint >/dev/null; then\n    swiftlint --fix\nelse\n    echo \"warning: SwiftLint not installed\"\nfi\n";
		};
/* End PBXShellScriptBuildPhase section */

/* Begin PBXSourcesBuildPhase section */
		365E53482A47648700AD6AE8 /* Sources */ = {
			isa = PBXSourcesBuildPhase;
			buildActionMask = 2147483647;
			files = (
				363EC8082A57E4CA0059E1CA /* UWBUtil.swift in Sources */,
				36CC30882A4E95A400E8FCCA /* DeviceTableViewCell.swift in Sources */,
				362DC00B2A5934950079ECDB /* HelpersExtension.swift in Sources */,
				365E53862A48EC9900AD6AE8 /* SharedData.swift in Sources */,
				365E537E2A48AFDF00AD6AE8 /* CookieHandlerUtil.swift in Sources */,
				365E53542A47648700AD6AE8 /* ViewController.swift in Sources */,
				363EC8052A57E42E0059E1CA /* UWBMessages.swift in Sources */,
				365E53692A476AE800AD6AE8 /* MapboxView.swift in Sources */,
				365E53502A47648700AD6AE8 /* AppDelegate.swift in Sources */,
				365E53742A478F6F00AD6AE8 /* Devices.swift in Sources */,
				367763892A4E173F0096FF1F /* Constants.swift in Sources */,
				36BF8EB62A7C11D900141F5B /* HologramDevice.swift in Sources */,
				365E53522A47648700AD6AE8 /* SceneDelegate.swift in Sources */,
				36392F0E2A5C7EE100DE866C /* DateTimeUtil.swift in Sources */,
				36BF8EB42A7C111F00141F5B /* HologramAPIManager.swift in Sources */,
				365E538D2A48FD3200AD6AE8 /* Positions.swift in Sources */,
				3677638B2A4E1EDA0096FF1F /* MapMarkerView.swift in Sources */,
				36392F102A5DBD2F00DE866C /* ScanningAnimationView.swift in Sources */,
				36562C0C2A56778A00D95C4C /* PreciseFinderViewController.swift in Sources */,
				36392F0C2A5BB8E100DE866C /* ScanDevicesViewController.swift in Sources */,
				36392F122A5F0BF000DE866C /* CircularViewLayout.swift in Sources */,
				36562C012A54DB1800D95C4C /* BluetoothLECentral.swift in Sources */,
				365E536E2A476D3C00AD6AE8 /* DeviceBottomDrawerViewController.swift in Sources */,
				363EC80A2A57E6990059E1CA /* DistanceUtil.swift in Sources */,
				36392F1E2A5FA87100DE866C /* ScanDevicesNavigationController.swift in Sources */,
				362DC00D2A5934F10079ECDB /* NI_AR_SessionDelegates.swift in Sources */,
				36392F2C2A626A3A00DE866C /* ScannedDeviceView.swift in Sources */,
				365E538F2A49005800AD6AE8 /* WebsocketPayloadWrapper.swift in Sources */,
				365E538B2A48EF5600AD6AE8 /* WebSocketManager.swift in Sources */,
				362DC0092A5933440079ECDB /* DataCommunicationExtension.swift in Sources */,
				365E53822A48B54A00AD6AE8 /* LoginViewController.swift in Sources */,
				365E53842A48B73300AD6AE8 /* HomeScreenViewController.swift in Sources */,
				36392F1A2A5FA0E600DE866C /* AddEditDeviceViewController.swift in Sources */,
				36FF09312A995EB3002D947C /* TraccarAPIManager.swift in Sources */,
				36392F202A5FADB400DE866C /* DismissableSheet.swift in Sources */,
				362DC0062A59291F0079ECDB /* PreciseFindableDevice.swift in Sources */,
				36392F1C2A5FA1D500DE866C /* AvatarEmojiView.swift in Sources */,
			);
			runOnlyForDeploymentPostprocessing = 0;
		};
/* End PBXSourcesBuildPhase section */

/* Begin PBXVariantGroup section */
		365E53552A47648700AD6AE8 /* Main.storyboard */ = {
			isa = PBXVariantGroup;
			children = (
				365E53562A47648700AD6AE8 /* Base */,
			);
			name = Main.storyboard;
			sourceTree = "<group>";
		};
		365E535A2A47648900AD6AE8 /* LaunchScreen.storyboard */ = {
			isa = PBXVariantGroup;
			children = (
				365E535B2A47648900AD6AE8 /* Base */,
			);
			name = LaunchScreen.storyboard;
			sourceTree = "<group>";
		};
/* End PBXVariantGroup section */

/* Begin XCBuildConfiguration section */
		365E535E2A47648900AD6AE8 /* Debug */ = {
			isa = XCBuildConfiguration;
			buildSettings = {
				ALWAYS_SEARCH_USER_PATHS = NO;
				CLANG_ANALYZER_NONNULL = YES;
				CLANG_ANALYZER_NUMBER_OBJECT_CONVERSION = YES_AGGRESSIVE;
				CLANG_CXX_LANGUAGE_STANDARD = "gnu++20";
				CLANG_ENABLE_MODULES = YES;
				CLANG_ENABLE_OBJC_ARC = YES;
				CLANG_ENABLE_OBJC_WEAK = YES;
				CLANG_WARN_BLOCK_CAPTURE_AUTORELEASING = YES;
				CLANG_WARN_BOOL_CONVERSION = YES;
				CLANG_WARN_COMMA = YES;
				CLANG_WARN_CONSTANT_CONVERSION = YES;
				CLANG_WARN_DEPRECATED_OBJC_IMPLEMENTATIONS = YES;
				CLANG_WARN_DIRECT_OBJC_ISA_USAGE = YES_ERROR;
				CLANG_WARN_DOCUMENTATION_COMMENTS = YES;
				CLANG_WARN_EMPTY_BODY = YES;
				CLANG_WARN_ENUM_CONVERSION = YES;
				CLANG_WARN_INFINITE_RECURSION = YES;
				CLANG_WARN_INT_CONVERSION = YES;
				CLANG_WARN_NON_LITERAL_NULL_CONVERSION = YES;
				CLANG_WARN_OBJC_IMPLICIT_RETAIN_SELF = YES;
				CLANG_WARN_OBJC_LITERAL_CONVERSION = YES;
				CLANG_WARN_OBJC_ROOT_CLASS = YES_ERROR;
				CLANG_WARN_QUOTED_INCLUDE_IN_FRAMEWORK_HEADER = YES;
				CLANG_WARN_RANGE_LOOP_ANALYSIS = YES;
				CLANG_WARN_STRICT_PROTOTYPES = YES;
				CLANG_WARN_SUSPICIOUS_MOVE = YES;
				CLANG_WARN_UNGUARDED_AVAILABILITY = YES_AGGRESSIVE;
				CLANG_WARN_UNREACHABLE_CODE = YES;
				CLANG_WARN__DUPLICATE_METHOD_MATCH = YES;
				COPY_PHASE_STRIP = NO;
				DEBUG_INFORMATION_FORMAT = dwarf;
				ENABLE_STRICT_OBJC_MSGSEND = YES;
				ENABLE_TESTABILITY = YES;
				GCC_C_LANGUAGE_STANDARD = gnu11;
				GCC_DYNAMIC_NO_PIC = NO;
				GCC_NO_COMMON_BLOCKS = YES;
				GCC_OPTIMIZATION_LEVEL = 0;
				GCC_PREPROCESSOR_DEFINITIONS = (
					"DEBUG=1",
					"$(inherited)",
				);
				GCC_WARN_64_TO_32_BIT_CONVERSION = YES;
				GCC_WARN_ABOUT_RETURN_TYPE = YES_ERROR;
				GCC_WARN_UNDECLARED_SELECTOR = YES;
				GCC_WARN_UNINITIALIZED_AUTOS = YES_AGGRESSIVE;
				GCC_WARN_UNUSED_FUNCTION = YES;
				GCC_WARN_UNUSED_VARIABLE = YES;
				IPHONEOS_DEPLOYMENT_TARGET = 16.4;
				MTL_ENABLE_DEBUG_INFO = INCLUDE_SOURCE;
				MTL_FAST_MATH = YES;
				ONLY_ACTIVE_ARCH = YES;
				SDKROOT = iphoneos;
				SWIFT_ACTIVE_COMPILATION_CONDITIONS = DEBUG;
				SWIFT_OPTIMIZATION_LEVEL = "-Onone";
			};
			name = Debug;
		};
		365E535F2A47648900AD6AE8 /* Release */ = {
			isa = XCBuildConfiguration;
			buildSettings = {
				ALWAYS_SEARCH_USER_PATHS = NO;
				CLANG_ANALYZER_NONNULL = YES;
				CLANG_ANALYZER_NUMBER_OBJECT_CONVERSION = YES_AGGRESSIVE;
				CLANG_CXX_LANGUAGE_STANDARD = "gnu++20";
				CLANG_ENABLE_MODULES = YES;
				CLANG_ENABLE_OBJC_ARC = YES;
				CLANG_ENABLE_OBJC_WEAK = YES;
				CLANG_WARN_BLOCK_CAPTURE_AUTORELEASING = YES;
				CLANG_WARN_BOOL_CONVERSION = YES;
				CLANG_WARN_COMMA = YES;
				CLANG_WARN_CONSTANT_CONVERSION = YES;
				CLANG_WARN_DEPRECATED_OBJC_IMPLEMENTATIONS = YES;
				CLANG_WARN_DIRECT_OBJC_ISA_USAGE = YES_ERROR;
				CLANG_WARN_DOCUMENTATION_COMMENTS = YES;
				CLANG_WARN_EMPTY_BODY = YES;
				CLANG_WARN_ENUM_CONVERSION = YES;
				CLANG_WARN_INFINITE_RECURSION = YES;
				CLANG_WARN_INT_CONVERSION = YES;
				CLANG_WARN_NON_LITERAL_NULL_CONVERSION = YES;
				CLANG_WARN_OBJC_IMPLICIT_RETAIN_SELF = YES;
				CLANG_WARN_OBJC_LITERAL_CONVERSION = YES;
				CLANG_WARN_OBJC_ROOT_CLASS = YES_ERROR;
				CLANG_WARN_QUOTED_INCLUDE_IN_FRAMEWORK_HEADER = YES;
				CLANG_WARN_RANGE_LOOP_ANALYSIS = YES;
				CLANG_WARN_STRICT_PROTOTYPES = YES;
				CLANG_WARN_SUSPICIOUS_MOVE = YES;
				CLANG_WARN_UNGUARDED_AVAILABILITY = YES_AGGRESSIVE;
				CLANG_WARN_UNREACHABLE_CODE = YES;
				CLANG_WARN__DUPLICATE_METHOD_MATCH = YES;
				COPY_PHASE_STRIP = NO;
				DEBUG_INFORMATION_FORMAT = "dwarf-with-dsym";
				ENABLE_NS_ASSERTIONS = NO;
				ENABLE_STRICT_OBJC_MSGSEND = YES;
				GCC_C_LANGUAGE_STANDARD = gnu11;
				GCC_NO_COMMON_BLOCKS = YES;
				GCC_WARN_64_TO_32_BIT_CONVERSION = YES;
				GCC_WARN_ABOUT_RETURN_TYPE = YES_ERROR;
				GCC_WARN_UNDECLARED_SELECTOR = YES;
				GCC_WARN_UNINITIALIZED_AUTOS = YES_AGGRESSIVE;
				GCC_WARN_UNUSED_FUNCTION = YES;
				GCC_WARN_UNUSED_VARIABLE = YES;
				IPHONEOS_DEPLOYMENT_TARGET = 16.4;
				MTL_ENABLE_DEBUG_INFO = NO;
				MTL_FAST_MATH = YES;
				SDKROOT = iphoneos;
				SWIFT_COMPILATION_MODE = wholemodule;
				SWIFT_OPTIMIZATION_LEVEL = "-O";
				VALIDATE_PRODUCT = YES;
			};
			name = Release;
		};
		365E53612A47648900AD6AE8 /* Debug */ = {
			isa = XCBuildConfiguration;
			buildSettings = {
				ASSETCATALOG_COMPILER_APPICON_NAME = AppIcon;
				ASSETCATALOG_COMPILER_GLOBAL_ACCENT_COLOR_NAME = AccentColor;
				CODE_SIGN_IDENTITY = "Apple Development";
				CODE_SIGN_STYLE = Automatic;
				CURRENT_PROJECT_VERSION = 1;
				DEVELOPMENT_TEAM = X5B22ZQ5A9;
				GENERATE_INFOPLIST_FILE = YES;
				INFOPLIST_FILE = FindMyCat/Info.plist;
				INFOPLIST_KEY_CFBundleDisplayName = FindMyCat;
				INFOPLIST_KEY_NSBluetoothAlwaysUsageDescription = "Bluetooth is used to communicate with the tracker when it's nearby you.";
				INFOPLIST_KEY_NSBluetoothPeripheralUsageDescription = "Bluetooth is used to communicate with the tracker when it's nearby you.";
				INFOPLIST_KEY_NSCameraUsageDescription = "Camera is used for the Presice Find feature.";
				INFOPLIST_KEY_NSLocationWhenInUseUsageDescription = "Needs location to show this iPhone's location relative to your lovely pet.";
				INFOPLIST_KEY_NSNearbyInteractionAllowOnceUsageDescription = "Nearby Interaction is used for the Precise Find feature.";
				INFOPLIST_KEY_NSNearbyInteractionUsageDescription = "Nearby Interaction is used for the Precise Find feature.";
				INFOPLIST_KEY_UIApplicationSupportsIndirectInputEvents = YES;
				INFOPLIST_KEY_UILaunchStoryboardName = LaunchScreen.storyboard;
				INFOPLIST_KEY_UIMainStoryboardFile = Main;
				INFOPLIST_KEY_UISupportedInterfaceOrientations = UIInterfaceOrientationPortrait;
				LD_RUNPATH_SEARCH_PATHS = (
					"$(inherited)",
					"@executable_path/Frameworks",
				);
				MARKETING_VERSION = 1.0;
				PRODUCT_BUNDLE_IDENTIFIER = ChitlangeSahas.FindMyCat;
				PRODUCT_NAME = "$(TARGET_NAME)";
				PROVISIONING_PROFILE_SPECIFIER = "";
				SUPPORTED_PLATFORMS = "iphoneos iphonesimulator";
				SUPPORTS_MACCATALYST = NO;
				SUPPORTS_MAC_DESIGNED_FOR_IPHONE_IPAD = NO;
				SWIFT_EMIT_LOC_STRINGS = YES;
				SWIFT_VERSION = 5.0;
				TARGETED_DEVICE_FAMILY = "1,2";
			};
			name = Debug;
		};
		365E53622A47648900AD6AE8 /* Release */ = {
			isa = XCBuildConfiguration;
			buildSettings = {
				ASSETCATALOG_COMPILER_APPICON_NAME = AppIcon;
				ASSETCATALOG_COMPILER_GLOBAL_ACCENT_COLOR_NAME = AccentColor;
				CODE_SIGN_IDENTITY = "Apple Development";
				CODE_SIGN_STYLE = Automatic;
				CURRENT_PROJECT_VERSION = 1;
				DEVELOPMENT_TEAM = X5B22ZQ5A9;
				GENERATE_INFOPLIST_FILE = YES;
				INFOPLIST_FILE = FindMyCat/Info.plist;
				INFOPLIST_KEY_CFBundleDisplayName = FindMyCat;
				INFOPLIST_KEY_NSBluetoothAlwaysUsageDescription = "Bluetooth is used to communicate with the tracker when it's nearby you.";
				INFOPLIST_KEY_NSBluetoothPeripheralUsageDescription = "Bluetooth is used to communicate with the tracker when it's nearby you.";
				INFOPLIST_KEY_NSCameraUsageDescription = "Camera is used for the Presice Find feature.";
				INFOPLIST_KEY_NSLocationWhenInUseUsageDescription = "Needs location to show this iPhone's location relative to your lovely pet.";
				INFOPLIST_KEY_NSNearbyInteractionAllowOnceUsageDescription = "Nearby Interaction is used for the Precise Find feature.";
				INFOPLIST_KEY_NSNearbyInteractionUsageDescription = "Nearby Interaction is used for the Precise Find feature.";
				INFOPLIST_KEY_UIApplicationSupportsIndirectInputEvents = YES;
				INFOPLIST_KEY_UILaunchStoryboardName = LaunchScreen.storyboard;
				INFOPLIST_KEY_UIMainStoryboardFile = Main;
				INFOPLIST_KEY_UISupportedInterfaceOrientations = UIInterfaceOrientationPortrait;
				LD_RUNPATH_SEARCH_PATHS = (
					"$(inherited)",
					"@executable_path/Frameworks",
				);
				MARKETING_VERSION = 1.0;
				PRODUCT_BUNDLE_IDENTIFIER = ChitlangeSahas.FindMyCat;
				PRODUCT_NAME = "$(TARGET_NAME)";
				PROVISIONING_PROFILE_SPECIFIER = "";
				SUPPORTED_PLATFORMS = "iphoneos iphonesimulator";
				SUPPORTS_MACCATALYST = NO;
				SUPPORTS_MAC_DESIGNED_FOR_IPHONE_IPAD = NO;
				SWIFT_EMIT_LOC_STRINGS = YES;
				SWIFT_VERSION = 5.0;
				TARGETED_DEVICE_FAMILY = "1,2";
			};
			name = Release;
		};
/* End XCBuildConfiguration section */

/* Begin XCConfigurationList section */
		365E53472A47648700AD6AE8 /* Build configuration list for PBXProject "FindMyCat" */ = {
			isa = XCConfigurationList;
			buildConfigurations = (
				365E535E2A47648900AD6AE8 /* Debug */,
				365E535F2A47648900AD6AE8 /* Release */,
			);
			defaultConfigurationIsVisible = 0;
			defaultConfigurationName = Release;
		};
		365E53602A47648900AD6AE8 /* Build configuration list for PBXNativeTarget "FindMyCat" */ = {
			isa = XCConfigurationList;
			buildConfigurations = (
				365E53612A47648900AD6AE8 /* Debug */,
				365E53622A47648900AD6AE8 /* Release */,
			);
			defaultConfigurationIsVisible = 0;
			defaultConfigurationName = Release;
		};
/* End XCConfigurationList section */

/* Begin XCRemoteSwiftPackageReference section */
		36392F282A60CEC300DE866C /* XCRemoteSwiftPackageReference "CocoaTextField" */ = {
			isa = XCRemoteSwiftPackageReference;
			repositoryURL = "https://github.com/edgar-zigis/CocoaTextField.git";
			requirement = {
				kind = upToNextMajorVersion;
				minimumVersion = 1.0.0;
			};
		};
		365E53642A476A0C00AD6AE8 /* XCRemoteSwiftPackageReference "mapbox-maps-ios" */ = {
			isa = XCRemoteSwiftPackageReference;
			repositoryURL = "https://github.com/mapbox/mapbox-maps-ios.git";
			requirement = {
				branch = main;
				kind = branch;
			};
		};
		365E53792A48AFC700AD6AE8 /* XCRemoteSwiftPackageReference "Alamofire" */ = {
			isa = XCRemoteSwiftPackageReference;
			repositoryURL = "https://github.com/Alamofire/Alamofire.git";
			requirement = {
				branch = master;
				kind = branch;
			};
		};
		365E53872A48EF0200AD6AE8 /* XCRemoteSwiftPackageReference "Starscream" */ = {
			isa = XCRemoteSwiftPackageReference;
			repositoryURL = "https://github.com/daltoniam/Starscream.git";
			requirement = {
				branch = master;
				kind = branch;
			};
		};
		3681E8842A54C1EE003392F9 /* XCRemoteSwiftPackageReference "FittedSheets" */ = {
			isa = XCRemoteSwiftPackageReference;
			repositoryURL = "https://github.com/ChitlangeSahas/FittedSheets";
			requirement = {
				branch = main;
				kind = branch;
			};
		};
/* End XCRemoteSwiftPackageReference section */

/* Begin XCSwiftPackageProductDependency section */
		36392F292A60CEC300DE866C /* CocoaTextField */ = {
			isa = XCSwiftPackageProductDependency;
			package = 36392F282A60CEC300DE866C /* XCRemoteSwiftPackageReference "CocoaTextField" */;
			productName = CocoaTextField;
		};
		365E53652A476A0C00AD6AE8 /* MapboxMaps */ = {
			isa = XCSwiftPackageProductDependency;
			package = 365E53642A476A0C00AD6AE8 /* XCRemoteSwiftPackageReference "mapbox-maps-ios" */;
			productName = MapboxMaps;
		};
		365E537A2A48AFC700AD6AE8 /* Alamofire */ = {
			isa = XCSwiftPackageProductDependency;
			package = 365E53792A48AFC700AD6AE8 /* XCRemoteSwiftPackageReference "Alamofire" */;
			productName = Alamofire;
		};
		365E53882A48EF0200AD6AE8 /* Starscream */ = {
			isa = XCSwiftPackageProductDependency;
			package = 365E53872A48EF0200AD6AE8 /* XCRemoteSwiftPackageReference "Starscream" */;
			productName = Starscream;
		};
		3681E8852A54C1EE003392F9 /* FittedSheets */ = {
			isa = XCSwiftPackageProductDependency;
			package = 3681E8842A54C1EE003392F9 /* XCRemoteSwiftPackageReference "FittedSheets" */;
			productName = FittedSheets;
		};
/* End XCSwiftPackageProductDependency section */
	};
	rootObject = 365E53442A47648700AD6AE8 /* Project object */;
}
